// !$*UTF8*$!
{
	archiveVersion = 1;
	classes = {
	};
	objectVersion = 50;
	objects = {

/* Begin PBXBuildFile section */
		CB280FF224557B5700EE8BBB /* AppDelegate.swift in Sources */ = {isa = PBXBuildFile; fileRef = CB280FF124557B5700EE8BBB /* AppDelegate.swift */; };
		CB280FF424557B5700EE8BBB /* SceneDelegate.swift in Sources */ = {isa = PBXBuildFile; fileRef = CB280FF324557B5700EE8BBB /* SceneDelegate.swift */; };
		CB280FF624557B5700EE8BBB /* ViewController.swift in Sources */ = {isa = PBXBuildFile; fileRef = CB280FF524557B5700EE8BBB /* ViewController.swift */; };
		CB280FF924557B5700EE8BBB /* Main.storyboard in Resources */ = {isa = PBXBuildFile; fileRef = CB280FF724557B5700EE8BBB /* Main.storyboard */; };
		CB280FFB24557B5900EE8BBB /* Assets.xcassets in Resources */ = {isa = PBXBuildFile; fileRef = CB280FFA24557B5900EE8BBB /* Assets.xcassets */; };
		CB280FFE24557B5900EE8BBB /* LaunchScreen.storyboard in Resources */ = {isa = PBXBuildFile; fileRef = CB280FFC24557B5900EE8BBB /* LaunchScreen.storyboard */; };
		CB28100824557E3C00EE8BBB /* User.swift in Sources */ = {isa = PBXBuildFile; fileRef = CB28100724557E3C00EE8BBB /* User.swift */; };
		CB28100A24557FE400EE8BBB /* SecondViewController.swift in Sources */ = {isa = PBXBuildFile; fileRef = CB28100924557FE400EE8BBB /* SecondViewController.swift */; };
/* End PBXBuildFile section */

/* Begin PBXFileReference section */
		CB280FEE24557B5700EE8BBB /* iOSProofs_SingletonExample.app */ = {isa = PBXFileReference; explicitFileType = wrapper.application; includeInIndex = 0; path = iOSProofs_SingletonExample.app; sourceTree = BUILT_PRODUCTS_DIR; };
		CB280FF124557B5700EE8BBB /* AppDelegate.swift */ = {isa = PBXFileReference; lastKnownFileType = sourcecode.swift; path = AppDelegate.swift; sourceTree = "<group>"; };
		CB280FF324557B5700EE8BBB /* SceneDelegate.swift */ = {isa = PBXFileReference; lastKnownFileType = sourcecode.swift; path = SceneDelegate.swift; sourceTree = "<group>"; };
		CB280FF524557B5700EE8BBB /* ViewController.swift */ = {isa = PBXFileReference; lastKnownFileType = sourcecode.swift; path = ViewController.swift; sourceTree = "<group>"; };
		CB280FF824557B5700EE8BBB /* Base */ = {isa = PBXFileReference; lastKnownFileType = file.storyboard; name = Base; path = Base.lproj/Main.storyboard; sourceTree = "<group>"; };
		CB280FFA24557B5900EE8BBB /* Assets.xcassets */ = {isa = PBXFileReference; lastKnownFileType = folder.assetcatalog; path = Assets.xcassets; sourceTree = "<group>"; };
		CB280FFD24557B5900EE8BBB /* Base */ = {isa = PBXFileReference; lastKnownFileType = file.storyboard; name = Base; path = Base.lproj/LaunchScreen.storyboard; sourceTree = "<group>"; };
		CB280FFF24557B5900EE8BBB /* Info.plist */ = {isa = PBXFileReference; lastKnownFileType = text.plist.xml; path = Info.plist; sourceTree = "<group>"; };
		CB28100724557E3C00EE8BBB /* User.swift */ = {isa = PBXFileReference; lastKnownFileType = sourcecode.swift; path = User.swift; sourceTree = "<group>"; };
		CB28100924557FE400EE8BBB /* SecondViewController.swift */ = {isa = PBXFileReference; lastKnownFileType = sourcecode.swift; path = SecondViewController.swift; sourceTree = "<group>"; };
/* End PBXFileReference section */

/* Begin PBXFrameworksBuildPhase section */
		CB280FEB24557B5700EE8BBB /* Frameworks */ = {
			isa = PBXFrameworksBuildPhase;
			buildActionMask = 2147483647;
			files = (
			);
			runOnlyForDeploymentPostprocessing = 0;
		};
/* End PBXFrameworksBuildPhase section */

/* Begin PBXGroup section */
		CB280FE524557B5700EE8BBB = {
			isa = PBXGroup;
			children = (
				CB280FF024557B5700EE8BBB /* iOSProofs_SingletonExample */,
				CB280FEF24557B5700EE8BBB /* Products */,
			);
			sourceTree = "<group>";
		};
		CB280FEF24557B5700EE8BBB /* Products */ = {
			isa = PBXGroup;
			children = (
				CB280FEE24557B5700EE8BBB /* iOSProofs_SingletonExample.app */,
			);
			name = Products;
			sourceTree = "<group>";
		};
		CB280FF024557B5700EE8BBB /* iOSProofs_SingletonExample */ = {
			isa = PBXGroup;
			children = (
				CB280FF124557B5700EE8BBB /* AppDelegate.swift */,
				CB280FF324557B5700EE8BBB /* SceneDelegate.swift */,
				CB280FF524557B5700EE8BBB /* ViewController.swift */,
				CB28100924557FE400EE8BBB /* SecondViewController.swift */,
				CB28100724557E3C00EE8BBB /* User.swift */,
				CB280FF724557B5700EE8BBB /* Main.storyboard */,
				CB280FFA24557B5900EE8BBB /* Assets.xcassets */,
				CB280FFC24557B5900EE8BBB /* LaunchScreen.storyboard */,
				CB280FFF24557B5900EE8BBB /* Info.plist */,
			);
			path = iOSProofs_SingletonExample;
			sourceTree = "<group>";
		};
/* End PBXGroup section */

/* Begin PBXNativeTarget section */
		CB280FED24557B5700EE8BBB /* iOSProofs_SingletonExample */ = {
			isa = PBXNativeTarget;
			buildConfigurationList = CB28100224557B5900EE8BBB /* Build configuration list for PBXNativeTarget "iOSProofs_SingletonExample" */;
			buildPhases = (
				CB280FEA24557B5700EE8BBB /* Sources */,
				CB280FEB24557B5700EE8BBB /* Frameworks */,
				CB280FEC24557B5700EE8BBB /* Resources */,
			);
			buildRules = (
			);
			dependencies = (
			);
			name = iOSProofs_SingletonExample;
			productName = iOSProofs_SingletonExample;
			productReference = CB280FEE24557B5700EE8BBB /* iOSProofs_SingletonExample.app */;
			productType = "com.apple.product-type.application";
		};
/* End PBXNativeTarget section */

/* Begin PBXProject section */
		CB280FE624557B5700EE8BBB /* Project object */ = {
			isa = PBXProject;
			attributes = {
				LastSwiftUpdateCheck = 1140;
				LastUpgradeCheck = 1140;
				ORGANIZATIONNAME = "Nikhil Balne";
				TargetAttributes = {
					CB280FED24557B5700EE8BBB = {
						CreatedOnToolsVersion = 11.4;
					};
				};
			};
			buildConfigurationList = CB280FE924557B5700EE8BBB /* Build configuration list for PBXProject "iOSProofs_SingletonExample" */;
			compatibilityVersion = "Xcode 9.3";
			developmentRegion = en;
			hasScannedForEncodings = 0;
			knownRegions = (
				en,
				Base,
			);
			mainGroup = CB280FE524557B5700EE8BBB;
			productRefGroup = CB280FEF24557B5700EE8BBB /* Products */;
			projectDirPath = "";
			projectRoot = "";
			targets = (
				CB280FED24557B5700EE8BBB /* iOSProofs_SingletonExample */,
			);
		};
/* End PBXProject section */

/* Begin PBXResourcesBuildPhase section */
		CB280FEC24557B5700EE8BBB /* Resources */ = {
			isa = PBXResourcesBuildPhase;
			buildActionMask = 2147483647;
			files = (
				CB280FFE24557B5900EE8BBB /* LaunchScreen.storyboard in Resources */,
				CB280FFB24557B5900EE8BBB /* Assets.xcassets in Resources */,
				CB280FF924557B5700EE8BBB /* Main.storyboard in Resources */,
			);
			runOnlyForDeploymentPostprocessing = 0;
		};
/* End PBXResourcesBuildPhase section */

/* Begin PBXSourcesBuildPhase section */
		CB280FEA24557B5700EE8BBB /* Sources */ = {
			isa = PBXSourcesBuildPhase;
			buildActionMask = 2147483647;
			files = (
				CB28100824557E3C00EE8BBB /* User.swift in Sources */,
				CB280FF624557B5700EE8BBB /* ViewController.swift in Sources */,
				CB280FF224557B5700EE8BBB /* AppDelegate.swift in Sources */,
				CB28100A24557FE400EE8BBB /* SecondViewController.swift in Sources */,
				CB280FF424557B5700EE8BBB /* SceneDelegate.swift in Sources */,
			);
			runOnlyForDeploymentPostprocessing = 0;
		};
/* End PBXSourcesBuildPhase section */

/* Begin PBXVariantGroup section */
		CB280FF724557B5700EE8BBB /* Main.storyboard */ = {
			isa = PBXVariantGroup;
			children = (
				CB280FF824557B5700EE8BBB /* Base */,
			);
			name = Main.storyboard;
			sourceTree = "<group>";
		};
		CB280FFC24557B5900EE8BBB /* LaunchScreen.storyboard */ = {
			isa = PBXVariantGroup;
			children = (
				CB280FFD24557B5900EE8BBB /* Base */,
			);
			name = LaunchScreen.storyboard;
			sourceTree = "<group>";
		};
/* End PBXVariantGroup section */

/* Begin XCBuildConfiguration section */
		CB28100024557B5900EE8BBB /* Debug */ = {
			isa = XCBuildConfiguration;
			buildSettings = {
				ALWAYS_SEARCH_USER_PATHS = NO;
				CLANG_ANALYZER_NONNULL = YES;
				CLANG_ANALYZER_NUMBER_OBJECT_CONVERSION = YES_AGGRESSIVE;
				CLANG_CXX_LANGUAGE_STANDARD = "gnu++14";
				CLANG_CXX_LIBRARY = "libc++";
				CLANG_ENABLE_MODULES = YES;
				CLANG_ENABLE_OBJC_ARC = YES;
				CLANG_ENABLE_OBJC_WEAK = YES;
				CLANG_WARN_BLOCK_CAPTURE_AUTORELEASING = YES;
				CLANG_WARN_BOOL_CONVERSION = YES;
				CLANG_WARN_COMMA = YES;
				CLANG_WARN_CONSTANT_CONVERSION = YES;
				CLANG_WARN_DEPRECATED_OBJC_IMPLEMENTATIONS = YES;
				CLANG_WARN_DIRECT_OBJC_ISA_USAGE = YES_ERROR;
				CLANG_WARN_DOCUMENTATION_COMMENTS = YES;
				CLANG_WARN_EMPTY_BODY = YES;
				CLANG_WARN_ENUM_CONVERSION = YES;
				CLANG_WARN_INFINITE_RECURSION = YES;
				CLANG_WARN_INT_CONVERSION = YES;
				CLANG_WARN_NON_LITERAL_NULL_CONVERSION = YES;
				CLANG_WARN_OBJC_IMPLICIT_RETAIN_SELF = YES;
				CLANG_WARN_OBJC_LITERAL_CONVERSION = YES;
				CLANG_WARN_OBJC_ROOT_CLASS = YES_ERROR;
				CLANG_WARN_RANGE_LOOP_ANALYSIS = YES;
				CLANG_WARN_STRICT_PROTOTYPES = YES;
				CLANG_WARN_SUSPICIOUS_MOVE = YES;
				CLANG_WARN_UNGUARDED_AVAILABILITY = YES_AGGRESSIVE;
				CLANG_WARN_UNREACHABLE_CODE = YES;
				CLANG_WARN__DUPLICATE_METHOD_MATCH = YES;
				COPY_PHASE_STRIP = NO;
				DEBUG_INFORMATION_FORMAT = dwarf;
				ENABLE_STRICT_OBJC_MSGSEND = YES;
				ENABLE_TESTABILITY = YES;
				GCC_C_LANGUAGE_STANDARD = gnu11;
				GCC_DYNAMIC_NO_PIC = NO;
				GCC_NO_COMMON_BLOCKS = YES;
				GCC_OPTIMIZATION_LEVEL = 0;
				GCC_PREPROCESSOR_DEFINITIONS = (
					"DEBUG=1",
					"$(inherited)",
				);
				GCC_WARN_64_TO_32_BIT_CONVERSION = YES;
				GCC_WARN_ABOUT_RETURN_TYPE = YES_ERROR;
				GCC_WARN_UNDECLARED_SELECTOR = YES;
				GCC_WARN_UNINITIALIZED_AUTOS = YES_AGGRESSIVE;
				GCC_WARN_UNUSED_FUNCTION = YES;
				GCC_WARN_UNUSED_VARIABLE = YES;
				IPHONEOS_DEPLOYMENT_TARGET = 13.4;
				MTL_ENABLE_DEBUG_INFO = INCLUDE_SOURCE;
				MTL_FAST_MATH = YES;
				ONLY_ACTIVE_ARCH = YES;
				SDKROOT = iphoneos;
				SWIFT_ACTIVE_COMPILATION_CONDITIONS = DEBUG;
				SWIFT_OPTIMIZATION_LEVEL = "-Onone";
			};
			name = Debug;
		};
		CB28100124557B5900EE8BBB /* Release */ = {
			isa = XCBuildConfiguration;
			buildSettings = {
				ALWAYS_SEARCH_USER_PATHS = NO;
				CLANG_ANALYZER_NONNULL = YES;
				CLANG_ANALYZER_NUMBER_OBJECT_CONVERSION = YES_AGGRESSIVE;
				CLANG_CXX_LANGUAGE_STANDARD = "gnu++14";
				CLANG_CXX_LIBRARY = "libc++";
				CLANG_ENABLE_MODULES = YES;
				CLANG_ENABLE_OBJC_ARC = YES;
				CLANG_ENABLE_OBJC_WEAK = YES;
				CLANG_WARN_BLOCK_CAPTURE_AUTORELEASING = YES;
				CLANG_WARN_BOOL_CONVERSION = YES;
				CLANG_WARN_COMMA = YES;
				CLANG_WARN_CONSTANT_CONVERSION = YES;
				CLANG_WARN_DEPRECATED_OBJC_IMPLEMENTATIONS = YES;
				CLANG_WARN_DIRECT_OBJC_ISA_USAGE = YES_ERROR;
				CLANG_WARN_DOCUMENTATION_COMMENTS = YES;
				CLANG_WARN_EMPTY_BODY = YES;
				CLANG_WARN_ENUM_CONVERSION = YES;
				CLANG_WARN_INFINITE_RECURSION = YES;
				CLANG_WARN_INT_CONVERSION = YES;
				CLANG_WARN_NON_LITERAL_NULL_CONVERSION = YES;
				CLANG_WARN_OBJC_IMPLICIT_RETAIN_SELF = YES;
				CLANG_WARN_OBJC_LITERAL_CONVERSION = YES;
				CLANG_WARN_OBJC_ROOT_CLASS = YES_ERROR;
				CLANG_WARN_RANGE_LOOP_ANALYSIS = YES;
				CLANG_WARN_STRICT_PROTOTYPES = YES;
				CLANG_WARN_SUSPICIOUS_MOVE = YES;
				CLANG_WARN_UNGUARDED_AVAILABILITY = YES_AGGRESSIVE;
				CLANG_WARN_UNREACHABLE_CODE = YES;
				CLANG_WARN__DUPLICATE_METHOD_MATCH = YES;
				COPY_PHASE_STRIP = NO;
				DEBUG_INFORMATION_FORMAT = "dwarf-with-dsym";
				ENABLE_NS_ASSERTIONS = NO;
				ENABLE_STRICT_OBJC_MSGSEND = YES;
				GCC_C_LANGUAGE_STANDARD = gnu11;
				GCC_NO_COMMON_BLOCKS = YES;
				GCC_WARN_64_TO_32_BIT_CONVERSION = YES;
				GCC_WARN_ABOUT_RETURN_TYPE = YES_ERROR;
				GCC_WARN_UNDECLARED_SELECTOR = YES;
				GCC_WARN_UNINITIALIZED_AUTOS = YES_AGGRESSIVE;
				GCC_WARN_UNUSED_FUNCTION = YES;
				GCC_WARN_UNUSED_VARIABLE = YES;
				IPHONEOS_DEPLOYMENT_TARGET = 13.4;
				MTL_ENABLE_DEBUG_INFO = NO;
				MTL_FAST_MATH = YES;
				SDKROOT = iphoneos;
				SWIFT_COMPILATION_MODE = wholemodule;
				SWIFT_OPTIMIZATION_LEVEL = "-O";
				VALIDATE_PRODUCT = YES;
			};
			name = Release;
		};
		CB28100324557B5900EE8BBB /* Debug */ = {
			isa = XCBuildConfiguration;
			buildSettings = {
				ASSETCATALOG_COMPILER_APPICON_NAME = AppIcon;
				CODE_SIGN_STYLE = Automatic;
				INFOPLIST_FILE = iOSProofs_SingletonExample/Info.plist;
				LD_RUNPATH_SEARCH_PATHS = (
					"$(inherited)",
					"@executable_path/Frameworks",
				);
				PRODUCT_BUNDLE_IDENTIFIER = "ihubtechnologies.iOSProofs-SingletonExample";
				PRODUCT_NAME = "$(TARGET_NAME)";
				SWIFT_VERSION = 5.0;
				TARGETED_DEVICE_FAMILY = "1,2";
			};
			name = Debug;
		};
		CB28100424557B5900EE8BBB /* Release */ = {
			isa = XCBuildConfiguration;
			buildSettings = {
				ASSETCATALOG_COMPILER_APPICON_NAME = AppIcon;
				CODE_SIGN_STYLE = Automatic;
				INFOPLIST_FILE = iOSProofs_SingletonExample/Info.plist;
				LD_RUNPATH_SEARCH_PATHS = (
					"$(inherited)",
					"@executable_path/Frameworks",
				);
				PRODUCT_BUNDLE_IDENTIFIER = "ihubtechnologies.iOSProofs-SingletonExample";
				PRODUCT_NAME = "$(TARGET_NAME)";
				SWIFT_VERSION = 5.0;
				TARGETED_DEVICE_FAMILY = "1,2";
			};
			name = Release;
		};
/* End XCBuildConfiguration section */

/* Begin XCConfigurationList section */
		CB280FE924557B5700EE8BBB /* Build configuration list for PBXProject "iOSProofs_SingletonExample" */ = {
			isa = XCConfigurationList;
			buildConfigurations = (
				CB28100024557B5900EE8BBB /* Debug */,
				CB28100124557B5900EE8BBB /* Release */,
			);
			defaultConfigurationIsVisible = 0;
			defaultConfigurationName = Release;
		};
		CB28100224557B5900EE8BBB /* Build configuration list for PBXNativeTarget "iOSProofs_SingletonExample" */ = {
			isa = XCConfigurationList;
			buildConfigurations = (
				CB28100324557B5900EE8BBB /* Debug */,
				CB28100424557B5900EE8BBB /* Release */,
			);
			defaultConfigurationIsVisible = 0;
			defaultConfigurationName = Release;
		};
/* End XCConfigurationList section */
	};
	rootObject = CB280FE624557B5700EE8BBB /* Project object */;
}
